{
  "name": "turfjs-clean-coords-bug",
  "version": "1.0.0",
  "lockfileVersion": 3,
  "requires": true,
  "packages": {
    "": {
      "name": "turfjs-clean-coords-bug",
      "version": "1.0.0",
      "license": "ISC",
      "dependencies": {
        "@turf/clean-coords": "^7.1.0",
        "@turf/helpers": "^7.1.0",
        "@turf/union": "^7.1.0"
      }
    },
    "node_modules/@turf/clean-coords": {
      "version": "7.1.0",
      "resolved": "https://registry.npmjs.org/@turf/clean-coords/-/clean-coords-7.1.0.tgz",
      "integrity": "sha512-q1U8UbRVL5cRdwOlNjD8mad8pWjFGe0s4ihg1pSiVNq7i47WASJ3k20yZiUFvuAkyNjV0rZ/A7Jd7WzjcierFg==",
      "license": "MIT",
      "dependencies": {
        "@turf/helpers": "^7.1.0",
        "@turf/invariant": "^7.1.0",
        "@types/geojson": "^7946.0.10",
        "tslib": "^2.6.2"
      },
      "funding": {
        "url": "https://opencollective.com/turf"
      }
    },
    "node_modules/@turf/helpers": {
      "version": "7.1.0",
      "resolved": "https://registry.npmjs.org/@turf/helpers/-/helpers-7.1.0.tgz",
      "integrity": "sha512-dTeILEUVeNbaEeoZUOhxH5auv7WWlOShbx7QSd4s0T4Z0/iz90z9yaVCtZOLbU89umKotwKaJQltBNO9CzVgaQ==",
      "license": "MIT",
      "dependencies": {
        "@types/geojson": "^7946.0.10",
        "tslib": "^2.6.2"
      },
      "funding": {
        "url": "https://opencollective.com/turf"
      }
    },
    "node_modules/@turf/invariant": {
      "version": "7.1.0",
      "resolved": "https://registry.npmjs.org/@turf/invariant/-/invariant-7.1.0.tgz",
      "integrity": "sha512-OCLNqkItBYIP1nE9lJGuIUatWGtQ4rhBKAyTfFu0z8npVzGEYzvguEeof8/6LkKmTTEHW53tCjoEhSSzdRh08Q==",
      "license": "MIT",
      "dependencies": {
        "@turf/helpers": "^7.1.0",
        "@types/geojson": "^7946.0.10",
        "tslib": "^2.6.2"
      },
      "funding": {
        "url": "https://opencollective.com/turf"
      }
    },
    "node_modules/@turf/meta": {
      "version": "7.1.0",
      "resolved": "https://registry.npmjs.org/@turf/meta/-/meta-7.1.0.tgz",
      "integrity": "sha512-ZgGpWWiKz797Fe8lfRj7HKCkGR+nSJ/5aKXMyofCvLSc2PuYJs/qyyifDPWjASQQCzseJ7AlF2Pc/XQ/3XkkuA==",
      "license": "MIT",
      "dependencies": {
        "@turf/helpers": "^7.1.0",
        "@types/geojson": "^7946.0.10"
      },
      "funding": {
        "url": "https://opencollective.com/turf"
      }
    },
    "node_modules/@turf/union": {
      "version": "7.1.0",
      "resolved": "https://registry.npmjs.org/@turf/union/-/union-7.1.0.tgz",
      "integrity": "sha512-7VI8jONdBg9qmbfNlLQycPr93l5aU9HGMgWI9M6pb4ERuU2+p8KgffCgs2NyMtP2HxPrKSybzj31g7bnbEKofQ==",
      "license": "MIT",
      "dependencies": {
        "@turf/helpers": "^7.1.0",
        "@turf/meta": "^7.1.0",
        "@types/geojson": "^7946.0.10",
        "polygon-clipping": "^0.15.3",
        "tslib": "^2.6.2"
      },
      "funding": {
        "url": "https://opencollective.com/turf"
      }
    },
    "node_modules/@types/geojson": {
      "version": "7946.0.14",
      "resolved": "https://registry.npmjs.org/@types/geojson/-/geojson-7946.0.14.tgz",
      "integrity": "sha512-WCfD5Ht3ZesJUsONdhvm84dmzWOiOzOAqOncN0++w0lBw1o8OuDNJF2McvvCef/yBqb/HYRahp1BYtODFQ8bRg==",
      "license": "MIT"
    },
    "node_modules/polygon-clipping": {
      "version": "0.15.7",
      "resolved": "https://registry.npmjs.org/polygon-clipping/-/polygon-clipping-0.15.7.tgz",
      "integrity": "sha512-nhfdr83ECBg6xtqOAJab1tbksbBAOMUltN60bU+llHVOL0e5Onm1WpAXXWXVB39L8AJFssoIhEVuy/S90MmotA==",
      "license": "MIT",
      "dependencies": {
        "robust-predicates": "^3.0.2",
        "splaytree": "^3.1.0"
      }
    },
    "node_modules/robust-predicates": {
      "version": "3.0.2",
      "resolved": "https://registry.npmjs.org/robust-predicates/-/robust-predicates-3.0.2.tgz",
      "integrity": "sha512-IXgzBWvWQwE6PrDI05OvmXUIruQTcoMDzRsOd5CDvHCVLcLHMTSYvOK5Cm46kWqlV3yAbuSpBZdJ5oP5OUoStg==",
      "license": "Unlicense"
    },
    "node_modules/splaytree": {
      "version": "3.1.2",
      "resolved": "https://registry.npmjs.org/splaytree/-/splaytree-3.1.2.tgz",
      "integrity": "sha512-4OM2BJgC5UzrhVnnJA4BkHKGtjXNzzUfpQjCO8I05xYPsfS/VuQDwjCGGMi8rYQilHEV4j8NBqTFbls/PZEE7A==",
      "license": "MIT"
    },
    "node_modules/tslib": {
      "version": "2.7.0",
      "resolved": "https://registry.npmjs.org/tslib/-/tslib-2.7.0.tgz",
      "integrity": "sha512-gLXCKdN1/j47AiHiOkJN69hJmcbGTHI0ImLmbYLHykhgeN0jVGola9yVjFgzCUklsZQMW55o+dW7IXv3RCXDzA==",
      "license": "0BSD"
    }
  }
}
